Microsoft Visual Studio Solution File, Format Version 12.00
# Visual Studio 2012
Project("{FAE04EC0-301F-11D3-BF4B-00C04F79EFBC}") = "Samurai Warrior Godot Edition", "Samurai Warrior Godot Edition.csproj", "{BDF0DCF9-065B-4CA9-B8AA-A706BFCA0EFB}"
EndProject
Global
	GlobalSection(SolutionConfigurationPlatforms) = preSolution
	Debug|Any CPU = Debug|Any CPU
	ExportDebug|Any CPU = ExportDebug|Any CPU
	ExportRelease|Any CPU = ExportRelease|Any CPU
	EndGlobalSection
	GlobalSection(ProjectConfigurationPlatforms) = postSolution
		{BDF0DCF9-065B-4CA9-B8AA-A706BFCA0EFB}.Debug|Any CPU.ActiveCfg = Debug|Any CPU
		{BDF0DCF9-065B-4CA9-B8AA-A706BFCA0EFB}.Debug|Any CPU.Build.0 = Debug|Any CPU
		{BDF0DCF9-065B-4CA9-B8AA-A706BFCA0EFB}.ExportDebug|Any CPU.ActiveCfg = ExportDebug|Any CPU
		{BDF0DCF9-065B-4CA9-B8AA-A706BFCA0EFB}.ExportDebug|Any CPU.Build.0 = ExportDebug|Any CPU
		{BDF0DCF9-065B-4CA9-B8AA-A706BFCA0EFB}.ExportRelease|Any CPU.ActiveCfg = ExportRelease|Any CPU
		{BDF0DCF9-065B-4CA9-B8AA-A706BFCA0EFB}.ExportRelease|Any CPU.Build.0 = ExportRelease|Any CPU
	EndGlobalSection
EndGlobal
